
Microsoft Visual Studio Solution File, Format Version 12.00
# Visual Studio 15
VisualStudioVersion = 15.0.26430.15
MinimumVisualStudioVersion = 10.0.40219.1
Project("{9A19103F-16F7-4668-BE54-9A1E7A4F7556}") = "InfluxData.Net", "InfluxData.Net\InfluxData.Net.csproj", "{2DAEFD4B-3972-4FCE-87CE-01D74F445018}"
	ProjectSection(ProjectDependencies) = postProject
		{CD6EAF08-8D9B-443B-A617-00AF3F529548} = {CD6EAF08-8D9B-443B-A617-00AF3F529548}
		{62D1A686-8ED2-4B70-8842-27F9145AEF4B} = {62D1A686-8ED2-4B70-8842-27F9145AEF4B}
		{E1CBC2FD-4FE1-4F18-9395-739718D5F581} = {E1CBC2FD-4FE1-4F18-9395-739718D5F581}
	EndProjectSection
EndProject
Project("{9A19103F-16F7-4668-BE54-9A1E7A4F7556}") = "InfluxData.Net.Common", "InfluxData.Net.Common\InfluxData.Net.Common.csproj", "{62D1A686-8ED2-4B70-8842-27F9145AEF4B}"
EndProject
Project("{9A19103F-16F7-4668-BE54-9A1E7A4F7556}") = "InfluxData.Net.InfluxDb", "InfluxData.Net.InfluxDb\InfluxData.Net.InfluxDb.csproj", "{E1CBC2FD-4FE1-4F18-9395-739718D5F581}"
EndProject
Project("{9A19103F-16F7-4668-BE54-9A1E7A4F7556}") = "InfluxData.Net.Kapacitor", "InfluxData.Net.Kapacitor\InfluxData.Net.Kapacitor.csproj", "{CD6EAF08-8D9B-443B-A617-00AF3F529548}"
EndProject
Project("{9A19103F-16F7-4668-BE54-9A1E7A4F7556}") = "InfluxData.Net.Tests", "InfluxData.Net.Tests\InfluxData.Net.Tests.csproj", "{F3AAC2B8-A5F7-4943-971C-0546779B90E1}"
EndProject
Global
	GlobalSection(SolutionConfigurationPlatforms) = preSolution
		Debug|Any CPU = Debug|Any CPU
		Release|Any CPU = Release|Any CPU
	EndGlobalSection
	GlobalSection(ProjectConfigurationPlatforms) = postSolution
		{2DAEFD4B-3972-4FCE-87CE-01D74F445018}.Debug|Any CPU.ActiveCfg = Debug|Any CPU
		{2DAEFD4B-3972-4FCE-87CE-01D74F445018}.Debug|Any CPU.Build.0 = Debug|Any CPU
		{2DAEFD4B-3972-4FCE-87CE-01D74F445018}.Release|Any CPU.ActiveCfg = Release|Any CPU
		{2DAEFD4B-3972-4FCE-87CE-01D74F445018}.Release|Any CPU.Build.0 = Release|Any CPU
		{62D1A686-8ED2-4B70-8842-27F9145AEF4B}.Debug|Any CPU.ActiveCfg = Debug|Any CPU
		{62D1A686-8ED2-4B70-8842-27F9145AEF4B}.Debug|Any CPU.Build.0 = Debug|Any CPU
		{62D1A686-8ED2-4B70-8842-27F9145AEF4B}.Release|Any CPU.ActiveCfg = Release|Any CPU
		{62D1A686-8ED2-4B70-8842-27F9145AEF4B}.Release|Any CPU.Build.0 = Release|Any CPU
		{E1CBC2FD-4FE1-4F18-9395-739718D5F581}.Debug|Any CPU.ActiveCfg = Debug|Any CPU
		{E1CBC2FD-4FE1-4F18-9395-739718D5F581}.Debug|Any CPU.Build.0 = Debug|Any CPU
		{E1CBC2FD-4FE1-4F18-9395-739718D5F581}.Release|Any CPU.ActiveCfg = Release|Any CPU
		{E1CBC2FD-4FE1-4F18-9395-739718D5F581}.Release|Any CPU.Build.0 = Release|Any CPU
		{CD6EAF08-8D9B-443B-A617-00AF3F529548}.Debug|Any CPU.ActiveCfg = Debug|Any CPU
		{CD6EAF08-8D9B-443B-A617-00AF3F529548}.Debug|Any CPU.Build.0 = Debug|Any CPU
		{CD6EAF08-8D9B-443B-A617-00AF3F529548}.Release|Any CPU.ActiveCfg = Release|Any CPU
		{CD6EAF08-8D9B-443B-A617-00AF3F529548}.Release|Any CPU.Build.0 = Release|Any CPU
		{F3AAC2B8-A5F7-4943-971C-0546779B90E1}.Debug|Any CPU.ActiveCfg = Debug|Any CPU
		{F3AAC2B8-A5F7-4943-971C-0546779B90E1}.Debug|Any CPU.Build.0 = Debug|Any CPU
		{F3AAC2B8-A5F7-4943-971C-0546779B90E1}.Release|Any CPU.ActiveCfg = Release|Any CPU
		{F3AAC2B8-A5F7-4943-971C-0546779B90E1}.Release|Any CPU.Build.0 = Release|Any CPU
	EndGlobalSection
	GlobalSection(SolutionProperties) = preSolution
		HideSolutionNode = FALSE
	EndGlobalSection
EndGlobal
