
Microsoft Visual Studio Solution File, Format Version 12.00
# Visual Studio 15
VisualStudioVersion = 15.0.26730.3
MinimumVisualStudioVersion = 10.0.40219.1
Project("{FAE04EC0-301F-11D3-BF4B-00C04F79EFBC}") = "InfluxData.Net.Test.Core", "InfluxData.Net.Test.Core\InfluxData.Net.Test.Core.csproj", "{F46DF03B-1B39-4946-94FF-4D235F63F672}"
EndProject
Project("{FAE04EC0-301F-11D3-BF4B-00C04F79EFBC}") = "InfluxData.Net.Test.Framework", "InfluxData.Net.Test.Framework\InfluxData.Net.Test.Framework.csproj", "{6A1D3FDD-14F0-4866-A4D2-AACD6E842DFB}"
EndProject
Global
	GlobalSection(SolutionConfigurationPlatforms) = preSolution
		Debug|Any CPU = Debug|Any CPU
		Release|Any CPU = Release|Any CPU
	EndGlobalSection
	GlobalSection(ProjectConfigurationPlatforms) = postSolution
		{F46DF03B-1B39-4946-94FF-4D235F63F672}.Debug|Any CPU.ActiveCfg = Debug|Any CPU
		{F46DF03B-1B39-4946-94FF-4D235F63F672}.Debug|Any CPU.Build.0 = Debug|Any CPU
		{F46DF03B-1B39-4946-94FF-4D235F63F672}.Release|Any CPU.ActiveCfg = Release|Any CPU
		{F46DF03B-1B39-4946-94FF-4D235F63F672}.Release|Any CPU.Build.0 = Release|Any CPU
		{6A1D3FDD-14F0-4866-A4D2-AACD6E842DFB}.Debug|Any CPU.ActiveCfg = Debug|Any CPU
		{6A1D3FDD-14F0-4866-A4D2-AACD6E842DFB}.Debug|Any CPU.Build.0 = Debug|Any CPU
		{6A1D3FDD-14F0-4866-A4D2-AACD6E842DFB}.Release|Any CPU.ActiveCfg = Release|Any CPU
		{6A1D3FDD-14F0-4866-A4D2-AACD6E842DFB}.Release|Any CPU.Build.0 = Release|Any CPU
	EndGlobalSection
	GlobalSection(SolutionProperties) = preSolution
		HideSolutionNode = FALSE
	EndGlobalSection
	GlobalSection(ExtensibilityGlobals) = postSolution
		SolutionGuid = {3F807775-B253-401E-988A-D68CE594B391}
	EndGlobalSection
EndGlobal
